
Microsoft Visual Studio Solution File, Format Version 9.00
# Visual Studio 2005
Project("{8BC9CEB8-8B4A-11D0-8D11-00A0C91BC942}") = "FileSearchAndCompress", "FileSearchAndCompress\FileSearchAndCompress.vcproj", "{2F9A2458-5DB5-4DB3-9E7C-6413A8165CF9}"
EndProject
Project("{8BC9CEB8-8B4A-11D0-8D11-00A0C91BC942}") = "FileConfig", "FileConfig\FileConfig.vcproj", "{D08C500F-14D4-47E1-96AF-41F2A95F0B14}"
EndProject
Global
	GlobalSection(SolutionConfigurationPlatforms) = preSolution
		Debug|Win32 = Debug|Win32
		Release|Win32 = Release|Win32
	EndGlobalSection
	GlobalSection(ProjectConfigurationPlatforms) = postSolution
		{2F9A2458-5DB5-4DB3-9E7C-6413A8165CF9}.Debug|Win32.ActiveCfg = Debug|Win32
		{2F9A2458-5DB5-4DB3-9E7C-6413A8165CF9}.Debug|Win32.Build.0 = Debug|Win32
		{2F9A2458-5DB5-4DB3-9E7C-6413A8165CF9}.Release|Win32.ActiveCfg = Release|Win32
		{2F9A2458-5DB5-4DB3-9E7C-6413A8165CF9}.Release|Win32.Build.0 = Release|Win32
		{D08C500F-14D4-47E1-96AF-41F2A95F0B14}.Debug|Win32.ActiveCfg = Debug|Win32
		{D08C500F-14D4-47E1-96AF-41F2A95F0B14}.Debug|Win32.Build.0 = Debug|Win32
		{D08C500F-14D4-47E1-96AF-41F2A95F0B14}.Release|Win32.ActiveCfg = Release|Win32
		{D08C500F-14D4-47E1-96AF-41F2A95F0B14}.Release|Win32.Build.0 = Release|Win32
	EndGlobalSection
	GlobalSection(SolutionProperties) = preSolution
		HideSolutionNode = FALSE
	EndGlobalSection
EndGlobal
